
Microsoft Visual Studio Solution File, Format Version 12.00
# Visual Studio 15
VisualStudioVersion = 15.0.27428.2043
MinimumVisualStudioVersion = 10.0.40219.1
Project("{FAE04EC0-301F-11D3-BF4B-00C04F79EFBC}") = "ToolStripMenuItemssample", "ToolStripMenuItemssample\ToolStripMenuItemssample.csproj", "{E27B997F-AEF7-4CBD-BB37-36FCC2B7A10E}"
EndProject
Global
	GlobalSection(SolutionConfigurationPlatforms) = preSolution
		Debug|Any CPU = Debug|Any CPU
		Release|Any CPU = Release|Any CPU
	EndGlobalSection
	GlobalSection(ProjectConfigurationPlatforms) = postSolution
		{E27B997F-AEF7-4CBD-BB37-36FCC2B7A10E}.Debug|Any CPU.ActiveCfg = Debug|Any CPU
		{E27B997F-AEF7-4CBD-BB37-36FCC2B7A10E}.Debug|Any CPU.Build.0 = Debug|Any CPU
		{E27B997F-AEF7-4CBD-BB37-36FCC2B7A10E}.Release|Any CPU.ActiveCfg = Release|Any CPU
		{E27B997F-AEF7-4CBD-BB37-36FCC2B7A10E}.Release|Any CPU.Build.0 = Release|Any CPU
	EndGlobalSection
	GlobalSection(SolutionProperties) = preSolution
		HideSolutionNode = FALSE
	EndGlobalSection
	GlobalSection(ExtensibilityGlobals) = postSolution
		SolutionGuid = {889EC56B-2656-4A18-B6AC-804604D23019}
	EndGlobalSection
EndGlobal
